
Microsoft Visual Studio Solution File, Format Version 12.00
# Visual Studio Version 16
VisualStudioVersion = 16.0.31129.286
MinimumVisualStudioVersion = 10.0.40219.1
Project("{FAE04EC0-301F-11D3-BF4B-00C04F79EFBC}") = "DesignRobo", "DesignRobo\DesignRobo.csproj", "{6DDC5917-BBFB-419D-9A0C-4E579B5AECA6}"
EndProject
Global
	GlobalSection(SolutionConfigurationPlatforms) = preSolution
		Debug|Any CPU = Debug|Any CPU
		Release|Any CPU = Release|Any CPU
	EndGlobalSection
	GlobalSection(ProjectConfigurationPlatforms) = postSolution
		{6DDC5917-BBFB-419D-9A0C-4E579B5AECA6}.Debug|Any CPU.ActiveCfg = Debug|Any CPU
		{6DDC5917-BBFB-419D-9A0C-4E579B5AECA6}.Debug|Any CPU.Build.0 = Debug|Any CPU
		{6DDC5917-BBFB-419D-9A0C-4E579B5AECA6}.Release|Any CPU.ActiveCfg = Release|Any CPU
		{6DDC5917-BBFB-419D-9A0C-4E579B5AECA6}.Release|Any CPU.Build.0 = Release|Any CPU
	EndGlobalSection
	GlobalSection(SolutionProperties) = preSolution
		HideSolutionNode = FALSE
	EndGlobalSection
	GlobalSection(ExtensibilityGlobals) = postSolution
		SolutionGuid = {6BBB3291-FFB3-42B2-83A3-B9DA5DC513C6}
	EndGlobalSection
EndGlobal
